// !$*UTF8*$!
{
	archiveVersion = 1;
	classes = {
	};
	objectVersion = 77;
	objects = {

/* Begin PBXContainerItemProxy section */
		0E7E75EC3078A20100BD4ADD /* PBXContainerItemProxy */ = {
			isa = PBXContainerItemProxy;
			containerPortal = 0E7E75D63078A1FD00BD4ADD /* Project object */;
			proxyType = 1;
			remoteGlobalIDString = 0E7E75DD3078A1FD00BD4ADD;
			remoteInfo = DogClassifier;
		};
		0E7E75F63078A20100BD4ADD /* PBXContainerItemProxy */ = {
			isa = PBXContainerItemProxy;
			containerPortal = 0E7E75D63078A1FD00BD4ADD /* Project object */;
			proxyType = 1;
			remoteGlobalIDString = 0E7E75DD3078A1FD00BD4ADD;
			remoteInfo = DogClassifier;
		};
/* End PBXContainerItemProxy section */

/* Begin PBXFileReference section */
		0E7E75DE3078A1FD00BD4ADD /* DogClassifier.app */ = {isa = PBXFileReference; explicitFileType = wrapper.application; includeInIndex = 0; path = DogClassifier.app; sourceTree = BUILT_PRODUCTS_DIR; };
		0E7E75EB3078A20100BD4ADD /* DogClassifierTests.xctest */ = {isa = PBXFileReference; explicitFileType = wrapper.cfbundle; includeInIndex = 0; path = DogClassifierTests.xctest; sourceTree = BUILT_PRODUCTS_DIR; };
		0E7E75F53078A20100BD4ADD /* DogClassifierUITests.xctest */ = {isa = PBXFileReference; explicitFileType = wrapper.cfbundle; includeInIndex = 0; path = DogClassifierUITests.xctest; sourceTree = BUILT_PRODUCTS_DIR; };
/* End PBXFileReference section */

/* Begin PBXFileSystemSynchronizedRootGroup section */
		0E7E75E03078A1FD00BD4ADD /* DogClassifier */ = {
			isa = PBXFileSystemSynchronizedRootGroup;
			path = DogClassifier;
			sourceTree = "<group>";
		};
		0E7E75EE3078A20100BD4ADD /* DogClassifierTests */ = {
			isa = PBXFileSystemSynchronizedRootGroup;
			path = DogClassifierTests;
			sourceTree = "<group>";
		};
		0E7E75F83078A20100BD4ADD /* DogClassifierUITests */ = {
			isa = PBXFileSystemSynchronizedRootGroup;
			path = DogClassifierUITests;
			sourceTree = "<group>";
		};
/* End PBXFileSystemSynchronizedRootGroup section */

/* Begin PBXFrameworksBuildPhase section */
		0E7E75DB3078A1FD00BD4ADD /* Frameworks */ = {
			isa = PBXFrameworksBuildPhase;
			buildActionMask = 2147483647;
			files = (
			);
			runOnlyForDeploymentPostprocessing = 0;
		};
		0E7E75E83078A20100BD4ADD /* Frameworks */ = {
			isa = PBXFrameworksBuildPhase;
			buildActionMask = 2147483647;
			files = (
			);
			runOnlyForDeploymentPostprocessing = 0;
		};
		0E7E75F23078A20100BD4ADD /* Frameworks */ = {
			isa = PBXFrameworksBuildPhase;
			buildActionMask = 2147483647;
			files = (
			);
			runOnlyForDeploymentPostprocessing = 0;
		};
/* End PBXFrameworksBuildPhase section */

/* Begin PBXGroup section */
		0E7E75D53078A1FD00BD4ADD = {
			isa = PBXGroup;
			children = (
				0E7E760B3078A27500BD4ADD /* Views */,
				0E7E760A3078A26400BD4ADD /* ViewModels */,
				0E7E76093078A25D00BD4ADD /* Services */,
				0E7E76083078A25100BD4ADD /* Models */,
				0E7E75E03078A1FD00BD4ADD /* DogClassifier */,
				0E7E75EE3078A20100BD4ADD /* DogClassifierTests */,
				0E7E75F83078A20100BD4ADD /* DogClassifierUITests */,
				0E7E75DF3078A1FD00BD4ADD /* Products */,
			);
			sourceTree = "<group>";
		};
		0E7E75DF3078A1FD00BD4ADD /* Products */ = {
			isa = PBXGroup;
			children = (
				0E7E75DE3078A1FD00BD4ADD /* DogClassifier.app */,
				0E7E75EB3078A20100BD4ADD /* DogClassifierTests.xctest */,
				0E7E75F53078A20100BD4ADD /* DogClassifierUITests.xctest */,
			);
			name = Products;
			sourceTree = "<group>";
		};
		0E7E76083078A25100BD4ADD /* Models */ = {
			isa = PBXGroup;
			children = (
			);
			path = Models;
			sourceTree = "<group>";
		};
		0E7E76093078A25D00BD4ADD /* Services */ = {
			isa = PBXGroup;
			children = (
			);
			path = Services;
			sourceTree = "<group>";
		};
		0E7E760A3078A26400BD4ADD /* ViewModels */ = {
			isa = PBXGroup;
			children = (
			);
			path = ViewModels;
			sourceTree = "<group>";
		};
		0E7E760B3078A27500BD4ADD /* Views */ = {
			isa = PBXGroup;
			children = (
			);
			path = Views;
			sourceTree = "<group>";
		};
/* End PBXGroup section */

/* Begin PBXNativeTarget section */
		0E7E75DD3078A1FD00BD4ADD /* DogClassifier */ = {
			isa = PBXNativeTarget;
			buildConfigurationList = 0E7E75FF3078A20100BD4ADD /* Build configuration list for PBXNativeTarget "DogClassifier" */;
			buildPhases = (
				0E7E75DA3078A1FD00BD4ADD /* Sources */,
				0E7E75DB3078A1FD00BD4ADD /* Frameworks */,
				0E7E75DC3078A1FD00BD4ADD /* Resources */,
			);
			buildRules = (
			);
			dependencies = (
			);
			fileSystemSynchronizedGroups = (
				0E7E75E03078A1FD00BD4ADD /* DogClassifier */,
			);
			name = DogClassifier;
			packageProductDependencies = (
			);
			productName = DogClassifier;
			productReference = 0E7E75DE3078A1FD00BD4ADD /* DogClassifier.app */;
			productType = "com.apple.product-type.application";
		};
		0E7E75EA3078A20100BD4ADD /* DogClassifierTests */ = {
			isa = PBXNativeTarget;
			buildConfigurationList = 0E7E76023078A20100BD4ADD /* Build configuration list for PBXNativeTarget "DogClassifierTests" */;
			buildPhases = (
				0E7E75E73078A20100BD4ADD /* Sources */,
				0E7E75E83078A20100BD4ADD /* Frameworks */,
				0E7E75E93078A20100BD4ADD /* Resources */,
			);
			buildRules = (
			);
			dependencies = (
				0E7E75ED3078A20100BD4ADD /* PBXTargetDependency */,
			);
			fileSystemSynchronizedGroups = (
				0E7E75EE3078A20100BD4ADD /* DogClassifierTests */,
			);
			name = DogClassifierTests;
			packageProductDependencies = (
			);
			productName = DogClassifierTests;
			productReference = 0E7E75EB3078A20100BD4ADD /* DogClassifierTests.xctest */;
			productType = "com.apple.product-type.bundle.unit-test";
		};
		0E7E75F43078A20100BD4ADD /* DogClassifierUITests */ = {
			isa = PBXNativeTarget;
			buildConfigurationList = 0E7E76053078A20100BD4ADD /* Build configuration list for PBXNativeTarget "DogClassifierUITests" */;
			buildPhases = (
				0E7E75F13078A20100BD4ADD /* Sources */,
				0E7E75F23078A20100BD4ADD /* Frameworks */,
				0E7E75F33078A20100BD4ADD /* Resources */,
			);
			buildRules = (
			);
			dependencies = (
				0E7E75F73078A20100BD4ADD /* PBXTargetDependency */,
			);
			fileSystemSynchronizedGroups = (
				0E7E75F83078A20100BD4ADD /* DogClassifierUITests */,
			);
			name = DogClassifierUITests;
			packageProductDependencies = (
			);
			productName = DogClassifierUITests;
			productReference = 0E7E75F53078A20100BD4ADD /* DogClassifierUITests.xctest */;
			productType = "com.apple.product-type.bundle.ui-testing";
		};
/* End PBXNativeTarget section */

/* Begin PBXProject section */
		0E7E75D63078A1FD00BD4ADD /* Project object */ = {
			isa = PBXProject;
			attributes = {
				BuildIndependentTargetsInParallel = 1;
				LastSwiftUpdateCheck = 2660;
				LastUpgradeCheck = 2660;
				TargetAttributes = {
					0E7E75DD3078A1FD00BD4ADD = {
						CreatedOnToolsVersion = 26.6;
					};
					0E7E75EA3078A20100BD4ADD = {
						CreatedOnToolsVersion = 26.6;
						TestTargetID = 0E7E75DD3078A1FD00BD4ADD;
					};
					0E7E75F43078A20100BD4ADD = {
						CreatedOnToolsVersion = 26.6;
						TestTargetID = 0E7E75DD3078A1FD00BD4ADD;
					};
				};
			};
			buildConfigurationList = 0E7E75D93078A1FD00BD4ADD /* Build configuration list for PBXProject "DogClassifier" */;
			developmentRegion = en;
			hasScannedForEncodings = 0;
			knownRegions = (
				en,
				Base,
			);
			mainGroup = 0E7E75D53078A1FD00BD4ADD;
			minimizedProjectReferenceProxies = 1;
			preferredProjectObjectVersion = 77;
			productRefGroup = 0E7E75DF3078A1FD00BD4ADD /* Products */;
			projectDirPath = "";
			projectRoot = "";
			targets = (
				0E7E75DD3078A1FD00BD4ADD /* DogClassifier */,
				0E7E75EA3078A20100BD4ADD /* DogClassifierTests */,
				0E7E75F43078A20100BD4ADD /* DogClassifierUITests */,
			);
		};
/* End PBXProject section */

/* Begin PBXResourcesBuildPhase section */
		0E7E75DC3078A1FD00BD4ADD /* Resources */ = {
			isa = PBXResourcesBuildPhase;
			buildActionMask = 2147483647;
			files = (
			);
			runOnlyForDeploymentPostprocessing = 0;
		};
		0E7E75E93078A20100BD4ADD /* Resources */ = {
			isa = PBXResourcesBuildPhase;
			buildActionMask = 2147483647;
			files = (
			);
			runOnlyForDeploymentPostprocessing = 0;
		};
		0E7E75F33078A20100BD4ADD /* Resources */ = {
			isa = PBXResourcesBuildPhase;
			buildActionMask = 2147483647;
			files = (
			);
			runOnlyForDeploymentPostprocessing = 0;
		};
/* End PBXResourcesBuildPhase section */

/* Begin PBXSourcesBuildPhase section */
		0E7E75DA3078A1FD00BD4ADD /* Sources */ = {
			isa = PBXSourcesBuildPhase;
			buildActionMask = 2147483647;
			files = (
			);
			runOnlyForDeploymentPostprocessing = 0;
		};
		0E7E75E73078A20100BD4ADD /* Sources */ = {
			isa = PBXSourcesBuildPhase;
			buildActionMask = 2147483647;
			files = (
			);
			runOnlyForDeploymentPostprocessing = 0;
		};
		0E7E75F13078A20100BD4ADD /* Sources */ = {
			isa = PBXSourcesBuildPhase;
			buildActionMask = 2147483647;
			files = (
			);
			runOnlyForDeploymentPostprocessing = 0;
		};
/* End PBXSourcesBuildPhase section */

/* Begin PBXTargetDependency section */
		0E7E75ED3078A20100BD4ADD /* PBXTargetDependency */ = {
			isa = PBXTargetDependency;
			target = 0E7E75DD3078A1FD00BD4ADD /* DogClassifier */;
			targetProxy = 0E7E75EC3078A20100BD4ADD /* PBXContainerItemProxy */;
		};
		0E7E75F73078A20100BD4ADD /* PBXTargetDependency */ = {
			isa = PBXTargetDependency;
			target = 0E7E75DD3078A1FD00BD4ADD /* DogClassifier */;
			targetProxy = 0E7E75F63078A20100BD4ADD /* PBXContainerItemProxy */;
		};
/* End PBXTargetDependency section */

/* Begin XCBuildConfiguration section */
		0E7E75FD3078A20100BD4ADD /* Debug */ = {
			isa = XCBuildConfiguration;
			buildSettings = {
				ALWAYS_SEARCH_USER_PATHS = NO;
				ASSETCATALOG_COMPILER_GENERATE_SWIFT_ASSET_SYMBOL_EXTENSIONS = YES;
				CLANG_ANALYZER_NONNULL = YES;
				CLANG_ANALYZER_NUMBER_OBJECT_CONVERSION = YES_AGGRESSIVE;
				CLANG_CXX_LANGUAGE_STANDARD = "gnu++20";
				CLANG_ENABLE_MODULES = YES;
				CLANG_ENABLE_OBJC_ARC = YES;
				CLANG_ENABLE_OBJC_WEAK = YES;
				CLANG_WARN_BLOCK_CAPTURE_AUTORELEASING = YES;
				CLANG_WARN_BOOL_CONVERSION = YES;
				CLANG_WARN_COMMA = YES;
				CLANG_WARN_CONSTANT_CONVERSION = YES;
				CLANG_WARN_DEPRECATED_OBJC_IMPLEMENTATIONS = YES;
				CLANG_WARN_DIRECT_OBJC_ISA_USAGE = YES_ERROR;
				CLANG_WARN_DOCUMENTATION_COMMENTS = YES;
				CLANG_WARN_EMPTY_BODY = YES;
				CLANG_WARN_ENUM_CONVERSION = YES;
				CLANG_WARN_INFINITE_RECURSION = YES;
				CLANG_WARN_INT_CONVERSION = YES;
				CLANG_WARN_NON_LITERAL_NULL_CONVERSION = YES;
				CLANG_WARN_OBJC_IMPLICIT_RETAIN_SELF = YES;
				CLANG_WARN_OBJC_LITERAL_CONVERSION = YES;
				CLANG_WARN_OBJC_ROOT_CLASS = YES_ERROR;
				CLANG_WARN_QUOTED_INCLUDE_IN_FRAMEWORK_HEADER = YES;
				CLANG_WARN_RANGE_LOOP_ANALYSIS = YES;
				CLANG_WARN_STRICT_PROTOTYPES = YES;
				CLANG_WARN_SUSPICIOUS_MOVE = YES;
				CLANG_WARN_UNGUARDED_AVAILABILITY = YES_AGGRESSIVE;
				CLANG_WARN_UNREACHABLE_CODE = YES;
				CLANG_WARN__DUPLICATE_METHOD_MATCH = YES;
				COPY_PHASE_STRIP = NO;
				DEBUG_INFORMATION_FORMAT = dwarf;
				ENABLE_STRICT_OBJC_MSGSEND = YES;
				ENABLE_TESTABILITY = YES;
				ENABLE_USER_SCRIPT_SANDBOXING = YES;
				GCC_C_LANGUAGE_STANDARD = gnu17;
				GCC_DYNAMIC_NO_PIC = NO;
				GCC_NO_COMMON_BLOCKS = YES;
				GCC_OPTIMIZATION_LEVEL = 0;
				GCC_PREPROCESSOR_DEFINITIONS = (
					"DEBUG=1",
					"$(inherited)",
				);
				GCC_WARN_64_TO_32_BIT_CONVERSION = YES;
				GCC_WARN_ABOUT_RETURN_TYPE = YES_ERROR;
				GCC_WARN_UNDECLARED_SELECTOR = YES;
				GCC_WARN_UNINITIALIZED_AUTOS = YES_AGGRESSIVE;
				GCC_WARN_UNUSED_FUNCTION = YES;
				GCC_WARN_UNUSED_VARIABLE = YES;
				IPHONEOS_DEPLOYMENT_TARGET = 26.5;
				LOCALIZATION_PREFERS_STRING_CATALOGS = YES;
				MTL_ENABLE_DEBUG_INFO = INCLUDE_SOURCE;
				MTL_FAST_MATH = YES;
				ONLY_ACTIVE_ARCH = YES;
				SDKROOT = iphoneos;
				SWIFT_ACTIVE_COMPILATION_CONDITIONS = "DEBUG $(inherited)";
				SWIFT_OPTIMIZATION_LEVEL = "-Onone";
			};
			name = Debug;
		};
		0E7E75FE3078A20100BD4ADD /* Release */ = {
			isa = XCBuildConfiguration;
			buildSettings = {
				ALWAYS_SEARCH_USER_PATHS = NO;
				ASSETCATALOG_COMPILER_GENERATE_SWIFT_ASSET_SYMBOL_EXTENSIONS = YES;
				CLANG_ANALYZER_NONNULL = YES;
				CLANG_ANALYZER_NUMBER_OBJECT_CONVERSION = YES_AGGRESSIVE;
				CLANG_CXX_LANGUAGE_STANDARD = "gnu++20";
				CLANG_ENABLE_MODULES = YES;
				CLANG_ENABLE_OBJC_ARC = YES;
				CLANG_ENABLE_OBJC_WEAK = YES;
				CLANG_WARN_BLOCK_CAPTURE_AUTORELEASING = YES;
				CLANG_WARN_BOOL_CONVERSION = YES;
				CLANG_WARN_COMMA = YES;
				CLANG_WARN_CONSTANT_CONVERSION = YES;
				CLANG_WARN_DEPRECATED_OBJC_IMPLEMENTATIONS = YES;
				CLANG_WARN_DIRECT_OBJC_ISA_USAGE = YES_ERROR;
				CLANG_WARN_DOCUMENTATION_COMMENTS = YES;
				CLANG_WARN_EMPTY_BODY = YES;
				CLANG_WARN_ENUM_CONVERSION = YES;
				CLANG_WARN_INFINITE_RECURSION = YES;
				CLANG_WARN_INT_CONVERSION = YES;
				CLANG_WARN_NON_LITERAL_NULL_CONVERSION = YES;
				CLANG_WARN_OBJC_IMPLICIT_RETAIN_SELF = YES;
				CLANG_WARN_OBJC_LITERAL_CONVERSION = YES;
				CLANG_WARN_OBJC_ROOT_CLASS = YES_ERROR;
				CLANG_WARN_QUOTED_INCLUDE_IN_FRAMEWORK_HEADER = YES;
				CLANG_WARN_RANGE_LOOP_ANALYSIS = YES;
				CLANG_WARN_STRICT_PROTOTYPES = YES;
				CLANG_WARN_SUSPICIOUS_MOVE = YES;
				CLANG_WARN_UNGUARDED_AVAILABILITY = YES_AGGRESSIVE;
				CLANG_WARN_UNREACHABLE_CODE = YES;
				CLANG_WARN__DUPLICATE_METHOD_MATCH = YES;
				COPY_PHASE_STRIP = NO;
				DEBUG_INFORMATION_FORMAT = "dwarf-with-dsym";
				ENABLE_NS_ASSERTIONS = NO;
				ENABLE_STRICT_OBJC_MSGSEND = YES;
				ENABLE_USER_SCRIPT_SANDBOXING = YES;
				GCC_C_LANGUAGE_STANDARD = gnu17;
				GCC_NO_COMMON_BLOCKS = YES;
				GCC_WARN_64_TO_32_BIT_CONVERSION = YES;
				GCC_WARN_ABOUT_RETURN_TYPE = YES_ERROR;
				GCC_WARN_UNDECLARED_SELECTOR = YES;
				GCC_WARN_UNINITIALIZED_AUTOS = YES_AGGRESSIVE;
				GCC_WARN_UNUSED_FUNCTION = YES;
				GCC_WARN_UNUSED_VARIABLE = YES;
				IPHONEOS_DEPLOYMENT_TARGET = 26.5;
				LOCALIZATION_PREFERS_STRING_CATALOGS = YES;
				MTL_ENABLE_DEBUG_INFO = NO;
				MTL_FAST_MATH = YES;
				SDKROOT = iphoneos;
				SWIFT_COMPILATION_MODE = wholemodule;
				VALIDATE_PRODUCT = YES;
			};
			name = Release;
		};
		0E7E76003078A20100BD4ADD /* Debug */ = {
			isa = XCBuildConfiguration;
			buildSettings = {
				ASSETCATALOG_COMPILER_APPICON_NAME = AppIcon;
				ASSETCATALOG_COMPILER_GLOBAL_ACCENT_COLOR_NAME = AccentColor;
				CODE_SIGN_STYLE = Automatic;
				CURRENT_PROJECT_VERSION = 1;
				DEVELOPMENT_TEAM = A896RQ5V58;
				ENABLE_PREVIEWS = YES;
				GENERATE_INFOPLIST_FILE = YES;
				INFOPLIST_KEY_UIApplicationSceneManifest_Generation = YES;
				INFOPLIST_KEY_UIApplicationSupportsIndirectInputEvents = YES;
				INFOPLIST_KEY_UILaunchScreen_Generation = YES;
				INFOPLIST_KEY_UISupportedInterfaceOrientations_iPad = "UIInterfaceOrientationPortrait UIInterfaceOrientationPortraitUpsideDown UIInterfaceOrientationLandscapeLeft UIInterfaceOrientationLandscapeRight";
				INFOPLIST_KEY_UISupportedInterfaceOrientations_iPhone = "UIInterfaceOrientationPortrait UIInterfaceOrientationLandscapeLeft UIInterfaceOrientationLandscapeRight";
				IPHONEOS_DEPLOYMENT_TARGET = 17.0;
				LD_RUNPATH_SEARCH_PATHS = (
					"$(inherited)",
					"@executable_path/Frameworks",
				);
				MARKETING_VERSION = 1.0;
				PRODUCT_BUNDLE_IDENTIFIER = com.yogitaagarwal.DogClassifier;
				PRODUCT_NAME = "$(TARGET_NAME)";
				STRING_CATALOG_GENERATE_SYMBOLS = YES;
				SWIFT_APPROACHABLE_CONCURRENCY = YES;
				SWIFT_DEFAULT_ACTOR_ISOLATION = MainActor;
				SWIFT_EMIT_LOC_STRINGS = YES;
				SWIFT_UPCOMING_FEATURE_MEMBER_IMPORT_VISIBILITY = YES;
				SWIFT_VERSION = 5.0;
				TARGETED_DEVICE_FAMILY = "1,2";
			};
			name = Debug;
		};
		0E7E76013078A20100BD4ADD /* Release */ = {
			isa = XCBuildConfiguration;
			buildSettings = {
				ASSETCATALOG_COMPILER_APPICON_NAME = AppIcon;
				ASSETCATALOG_COMPILER_GLOBAL_ACCENT_COLOR_NAME = AccentColor;
				CODE_SIGN_STYLE = Automatic;
				CURRENT_PROJECT_VERSION = 1;
				DEVELOPMENT_TEAM = A896RQ5V58;
				ENABLE_PREVIEWS = YES;
				GENERATE_INFOPLIST_FILE = YES;
				INFOPLIST_KEY_UIApplicationSceneManifest_Generation = YES;
				INFOPLIST_KEY_UIApplicationSupportsIndirectInputEvents = YES;
				INFOPLIST_KEY_UILaunchScreen_Generation = YES;
				INFOPLIST_KEY_UISupportedInterfaceOrientations_iPad = "UIInterfaceOrientationPortrait UIInterfaceOrientationPortraitUpsideDown UIInterfaceOrientationLandscapeLeft UIInterfaceOrientationLandscapeRight";
				INFOPLIST_KEY_UISupportedInterfaceOrientations_iPhone = "UIInterfaceOrientationPortrait UIInterfaceOrientationLandscapeLeft UIInterfaceOrientationLandscapeRight";
				IPHONEOS_DEPLOYMENT_TARGET = 17.0;
				LD_RUNPATH_SEARCH_PATHS = (
					"$(inherited)",
					"@executable_path/Frameworks",
				);
				MARKETING_VERSION = 1.0;
				PRODUCT_BUNDLE_IDENTIFIER = com.yogitaagarwal.DogClassifier;
				PRODUCT_NAME = "$(TARGET_NAME)";
				STRING_CATALOG_GENERATE_SYMBOLS = YES;
				SWIFT_APPROACHABLE_CONCURRENCY = YES;
				SWIFT_DEFAULT_ACTOR_ISOLATION = MainActor;
				SWIFT_EMIT_LOC_STRINGS = YES;
				SWIFT_UPCOMING_FEATURE_MEMBER_IMPORT_VISIBILITY = YES;
				SWIFT_VERSION = 5.0;
				TARGETED_DEVICE_FAMILY = "1,2";
			};
			name = Release;
		};
		0E7E76033078A20100BD4ADD /* Debug */ = {
			isa = XCBuildConfiguration;
			buildSettings = {
				BUNDLE_LOADER = "$(TEST_HOST)";
				CODE_SIGN_STYLE = Automatic;
				CURRENT_PROJECT_VERSION = 1;
				DEVELOPMENT_TEAM = A896RQ5V58;
				GENERATE_INFOPLIST_FILE = YES;
				IPHONEOS_DEPLOYMENT_TARGET = 26.5;
				MARKETING_VERSION = 1.0;
				PRODUCT_BUNDLE_IDENTIFIER = com.yogitaagarwal.DogClassifierTests;
				PRODUCT_NAME = "$(TARGET_NAME)";
				STRING_CATALOG_GENERATE_SYMBOLS = NO;
				SWIFT_APPROACHABLE_CONCURRENCY = YES;
				SWIFT_EMIT_LOC_STRINGS = NO;
				SWIFT_UPCOMING_FEATURE_MEMBER_IMPORT_VISIBILITY = YES;
				SWIFT_VERSION = 5.0;
				TARGETED_DEVICE_FAMILY = "1,2";
				TEST_HOST = "$(BUILT_PRODUCTS_DIR)/DogClassifier.app/$(BUNDLE_EXECUTABLE_FOLDER_PATH)/DogClassifier";
			};
			name = Debug;
		};
		0E7E76043078A20100BD4ADD /* Release */ = {
			isa = XCBuildConfiguration;
			buildSettings = {
				BUNDLE_LOADER = "$(TEST_HOST)";
				CODE_SIGN_STYLE = Automatic;
				CURRENT_PROJECT_VERSION = 1;
				DEVELOPMENT_TEAM = A896RQ5V58;
				GENERATE_INFOPLIST_FILE = YES;
				IPHONEOS_DEPLOYMENT_TARGET = 26.5;
				MARKETING_VERSION = 1.0;
				PRODUCT_BUNDLE_IDENTIFIER = com.yogitaagarwal.DogClassifierTests;
				PRODUCT_NAME = "$(TARGET_NAME)";
				STRING_CATALOG_GENERATE_SYMBOLS = NO;
				SWIFT_APPROACHABLE_CONCURRENCY = YES;
				SWIFT_EMIT_LOC_STRINGS = NO;
				SWIFT_UPCOMING_FEATURE_MEMBER_IMPORT_VISIBILITY = YES;
				SWIFT_VERSION = 5.0;
				TARGETED_DEVICE_FAMILY = "1,2";
				TEST_HOST = "$(BUILT_PRODUCTS_DIR)/DogClassifier.app/$(BUNDLE_EXECUTABLE_FOLDER_PATH)/DogClassifier";
			};
			name = Release;
		};
		0E7E76063078A20100BD4ADD /* Debug */ = {
			isa = XCBuildConfiguration;
			buildSettings = {
				CODE_SIGN_STYLE = Automatic;
				CURRENT_PROJECT_VERSION = 1;
				DEVELOPMENT_TEAM = A896RQ5V58;
				GENERATE_INFOPLIST_FILE = YES;
				MARKETING_VERSION = 1.0;
				PRODUCT_BUNDLE_IDENTIFIER = com.yogitaagarwal.DogClassifierUITests;
				PRODUCT_NAME = "$(TARGET_NAME)";
				STRING_CATALOG_GENERATE_SYMBOLS = NO;
				SWIFT_APPROACHABLE_CONCURRENCY = YES;
				SWIFT_EMIT_LOC_STRINGS = NO;
				SWIFT_UPCOMING_FEATURE_MEMBER_IMPORT_VISIBILITY = YES;
				SWIFT_VERSION = 5.0;
				TARGETED_DEVICE_FAMILY = "1,2";
				TEST_TARGET_NAME = DogClassifier;
			};
			name = Debug;
		};
		0E7E76073078A20100BD4ADD /* Release */ = {
			isa = XCBuildConfiguration;
			buildSettings = {
				CODE_SIGN_STYLE = Automatic;
				CURRENT_PROJECT_VERSION = 1;
				DEVELOPMENT_TEAM = A896RQ5V58;
				GENERATE_INFOPLIST_FILE = YES;
				MARKETING_VERSION = 1.0;
				PRODUCT_BUNDLE_IDENTIFIER = com.yogitaagarwal.DogClassifierUITests;
				PRODUCT_NAME = "$(TARGET_NAME)";
				STRING_CATALOG_GENERATE_SYMBOLS = NO;
				SWIFT_APPROACHABLE_CONCURRENCY = YES;
				SWIFT_EMIT_LOC_STRINGS = NO;
				SWIFT_UPCOMING_FEATURE_MEMBER_IMPORT_VISIBILITY = YES;
				SWIFT_VERSION = 5.0;
				TARGETED_DEVICE_FAMILY = "1,2";
				TEST_TARGET_NAME = DogClassifier;
			};
			name = Release;
		};
/* End XCBuildConfiguration section */

/* Begin XCConfigurationList section */
		0E7E75D93078A1FD00BD4ADD /* Build configuration list for PBXProject "DogClassifier" */ = {
			isa = XCConfigurationList;
			buildConfigurations = (
				0E7E75FD3078A20100BD4ADD /* Debug */,
				0E7E75FE3078A20100BD4ADD /* Release */,
			);
			defaultConfigurationIsVisible = 0;
			defaultConfigurationName = Release;
		};
		0E7E75FF3078A20100BD4ADD /* Build configuration list for PBXNativeTarget "DogClassifier" */ = {
			isa = XCConfigurationList;
			buildConfigurations = (
				0E7E76003078A20100BD4ADD /* Debug */,
				0E7E76013078A20100BD4ADD /* Release */,
			);
			defaultConfigurationIsVisible = 0;
			defaultConfigurationName = Release;
		};
		0E7E76023078A20100BD4ADD /* Build configuration list for PBXNativeTarget "DogClassifierTests" */ = {
			isa = XCConfigurationList;
			buildConfigurations = (
				0E7E76033078A20100BD4ADD /* Debug */,
				0E7E76043078A20100BD4ADD /* Release */,
			);
			defaultConfigurationIsVisible = 0;
			defaultConfigurationName = Release;
		};
		0E7E76053078A20100BD4ADD /* Build configuration list for PBXNativeTarget "DogClassifierUITests" */ = {
			isa = XCConfigurationList;
			buildConfigurations = (
				0E7E76063078A20100BD4ADD /* Debug */,
				0E7E76073078A20100BD4ADD /* Release */,
			);
			defaultConfigurationIsVisible = 0;
			defaultConfigurationName = Release;
		};
/* End XCConfigurationList section */
	};
	rootObject = 0E7E75D63078A1FD00BD4ADD /* Project object */;
}
